<?xml version="1.0" encoding="utf-8"?>
<Project ToolsVersion="4.0" xmlns="http://schemas.microsoft.com/developer/msbuild/2003">
  <ItemGroup>
    <Filter Include="Source Files">
      <UniqueIdentifier>{4FC737F1-C7A5-4376-A066-2A32D752A2FF}</UniqueIdentifier>
      <Extensions>cpp;c;cc;cxx;def;odl;idl;hpj;bat;asm;asmx</Extensions>
    </Filter>
    <Filter Include="Header Files">
      <UniqueIdentifier>{93995380-89BD-4b04-88EB-625FBE52EBFB}</UniqueIdentifier>
      <Extensions>h;hpp;hxx;hm;inl;inc;xsd</Extensions>
    </Filter>
    <Filter Include="Resource Files">
      <UniqueIdentifier>{67DA6AB6-F800-4c08-8B7A-83BB121AAD01}</UniqueIdentifier>
      <Extensions>rc;ico;cur;bmp;dlg;rc2;rct;bin;rgs;gif;jpg;jpeg;jpe;resx;tiff;tif;png;wav;mfcribbon-ms</Extensions>
    </Filter>
  </ItemGroup>
  <ItemGroup>
    <Text Include="ReadMe.txt" />
  </ItemGroup>
  <ItemGroup>
    <ClInclude Include="DNDPproject.h">
      <Filter>Header Files</Filter>
    </ClInclude>
    <ClInclude Include="DNDPprojectDlg.h">
      <Filter>Header Files</Filter>
    </ClInclude>
    <ClInclude Include="stdafx.h">
      <Filter>Header Files</Filter>
    </ClInclude>
    <ClInclude Include="targetver.h">
      <Filter>Header Files</Filter>
    </ClInclude>
    <ClInclude Include="Resource.h">
      <Filter>Header Files</Filter>
    </ClInclude>
    <ClInclude Include="Character.h">
      <Filter>Header Files</Filter>
    </ClInclude>
    <ClInclude Include="Monster.h">
      <Filter>Header Files</Filter>
    </ClInclude>
    <ClInclude Include="Elf.h">
      <Filter>Header Files</Filter>
    </ClInclude>
    <ClInclude Include="Fairy.h">
      <Filter>Header Files</Filter>
    </ClInclude>
    <ClInclude Include="Viking.h">
      <Filter>Header Files</Filter>
    </ClInclude>
    <ClInclude Include="Ninja.h">
      <Filter>Header Files</Filter>
    </ClInclude>
    <ClInclude Include="Goblin.h">
      <Filter>Header Files</Filter>
    </ClInclude>
    <ClInclude Include="Dragon.h">
      <Filter>Header Files</Filter>
    </ClInclude>
    <ClInclude Include="SaveDialog.h">
      <Filter>Header Files</Filter>
    </ClInclude>
    <ClInclude Include="DLGLoad.h">
      <Filter>Header Files</Filter>
    </ClInclude>
    <ClInclude Include="CharacterFactory.h">
      <Filter>Header Files</Filter>
    </ClInclude>
    <ClInclude Include="ElfFactory.h">
      <Filter>Header Files</Filter>
    </ClInclude>
    <ClInclude Include="VikingFactory.h">
      <Filter>Header Files</Filter>
    </ClInclude>
    <ClInclude Include="NinjaFactory.h">
      <Filter>Header Files</Filter>
    </ClInclude>
    <ClInclude Include="FairyFactory.h">
      <Filter>Header Files</Filter>
    </ClInclude>
    <ClInclude Include="Weapon.h">
      <Filter>Header Files</Filter>
    </ClInclude>
    <ClInclude Include="Items.h">
      <Filter>Header Files</Filter>
    </ClInclude>
    <ClInclude Include="Cyclop.h">
      <Filter>Header Files</Filter>
    </ClInclude>
  </ItemGroup>
  <ItemGroup>
    <ClCompile Include="DNDPproject.cpp">
      <Filter>Source Files</Filter>
    </ClCompile>
    <ClCompile Include="DNDPprojectDlg.cpp">
      <Filter>Source Files</Filter>
    </ClCompile>
    <ClCompile Include="stdafx.cpp">
      <Filter>Source Files</Filter>
    </ClCompile>
    <ClCompile Include="Elf.cpp">
      <Filter>Source Files</Filter>
    </ClCompile>
    <ClCompile Include="Fairy.cpp">
      <Filter>Source Files</Filter>
    </ClCompile>
    <ClCompile Include="Viking.cpp">
      <Filter>Source Files</Filter>
    </ClCompile>
    <ClCompile Include="Ninja.cpp">
      <Filter>Source Files</Filter>
    </ClCompile>
    <ClCompile Include="Goblin.cpp">
      <Filter>Source Files</Filter>
    </ClCompile>
    <ClCompile Include="Dragon.cpp">
      <Filter>Source Files</Filter>
    </ClCompile>
    <ClCompile Include="SaveDialog.cpp">
      <Filter>Source Files</Filter>
    </ClCompile>
    <ClCompile Include="DLGLoad.cpp">
      <Filter>Source Files</Filter>
    </ClCompile>
    <ClCompile Include="Weapon.cpp">
      <Filter>Source Files</Filter>
    </ClCompile>
    <ClCompile Include="Items.cpp">
      <Filter>Source Files</Filter>
    </ClCompile>
    <ClCompile Include="Cyclop.cpp">
      <Filter>Source Files</Filter>
    </ClCompile>
  </ItemGroup>
  <ItemGroup>
    <ResourceCompile Include="DNDPproject.rc">
      <Filter>Resource Files</Filter>
    </ResourceCompile>
  </ItemGroup>
  <ItemGroup>
    <None Include="res\DNDPproject.rc2">
      <Filter>Resource Files</Filter>
    </None>
  </ItemGroup>
  <ItemGroup>
    <Image Include="res\DNDPproject.ico">
      <Filter>Resource Files</Filter>
    </Image>
    <Image Include="..\..\..\..\..\Desktop\PROJECT\SAND.jpeg">
      <Filter>Source Files</Filter>
    </Image>
    <Image Include="res\Media\N1.bmp">
      <Filter>Source Files</Filter>
    </Image>
    <Image Include="Media\N1.bmp">
      <Filter>Resource Files</Filter>
    </Image>
    <Image Include="..\..\..\..\..\Desktop\dam.bmp">
      <Filter>Resource Files</Filter>
    </Image>
    <Image Include="..\..\..\..\..\Desktop\PROJECT\Begining.bmp">
      <Filter>Resource Files</Filter>
    </Image>
    <Image Include="..\..\..\..\..\Desktop\PROJECT\NINJA_START.bmp">
      <Filter>Resource Files</Filter>
    </Image>
    <Image Include="..\..\..\..\..\Desktop\PROJECT\PIRATE_START.bmp">
      <Filter>Resource Files</Filter>
    </Image>
    <Image Include="..\..\..\..\..\Desktop\PROJECT\ELF_START.bmp">
      <Filter>Resource Files</Filter>
    </Image>
    <Image Include="..\..\..\..\..\Desktop\PROJECT\FAIRY_START.bmp">
      <Filter>Resource Files</Filter>
    </Image>
    <Image Include="..\..\..\..\..\Desktop\PROJECT\5.bmp">
      <Filter>Resource Files</Filter>
    </Image>
    <Image Include="..\..\..\..\..\Desktop\PROJECT\6.bmp">
      <Filter>Resource Files</Filter>
    </Image>
    <Image Include="..\..\..\..\..\Desktop\PROJECT\7.bmp">
      <Filter>Resource Files</Filter>
    </Image>
    <Image Include="Media\5.bmp">
      <Filter>Resource Files</Filter>
    </Image>
    <Image Include="..\..\..\..\..\desktop\project\bitmap1.bmp">
      <Filter>Resource Files</Filter>
    </Image>
    <Image Include="Media\0.bmp">
      <Filter>Resource Files</Filter>
    </Image>
    <Image Include="Media.bmp">
      <Filter>Resource Files</Filter>
    </Image>
    <Image Include="Media\00,10.bmp">
      <Filter>Resource Files</Filter>
    </Image>
    <Image Include="Media\01.bmp">
      <Filter>Resource Files</Filter>
    </Image>
    <Image Include="Media\02.bmp">
      <Filter>Resource Files</Filter>
    </Image>
    <Image Include="Media\03.bmp">
      <Filter>Resource Files</Filter>
    </Image>
    <Image Include="Media\04.bmp">
      <Filter>Resource Files</Filter>
    </Image>
    <Image Include="Media\4,3.bmp">
      <Filter>Resource Files</Filter>
    </Image>
    <Image Include="Media\05.bmp">
      <Filter>Resource Files</Filter>
    </Image>
    <Image Include="Media\06.bmp">
      <Filter>Resource Files</Filter>
    </Image>
    <Image Include="Media\6.bmp">
      <Filter>Resource Files</Filter>
    </Image>
    <Image Include="Media\07.bmp">
      <Filter>Resource Files</Filter>
    </Image>
    <Image Include="Media\7.bmp">
      <Filter>Resource Files</Filter>
    </Image>
    <Image Include="Media\08,09.bmp">
      <Filter>Resource Files</Filter>
    </Image>
    <Image Include="Media\11,21.bmp">
      <Filter>Resource Files</Filter>
    </Image>
    <Image Include="Media\12,22.bmp">
      <Filter>Resource Files</Filter>
    </Image>
    <Image Include="Media\13,23.bmp">
      <Filter>Resource Files</Filter>
    </Image>
    <Image Include="Media\14,24.bmp">
      <Filter>Resource Files</Filter>
    </Image>
    <Image Include="Media\15,16.bmp">
      <Filter>Resource Files</Filter>
    </Image>
    <Image Include="Media\17.bmp">
      <Filter>Resource Files</Filter>
    </Image>
    <Image Include="Media\19,18.bmp">
      <Filter>Resource Files</Filter>
    </Image>
    <Image Include="Media\20.bmp">
      <Filter>Resource Files</Filter>
    </Image>
    <Image Include="Media\22.bmp">
      <Filter>Resource Files</Filter>
    </Image>
    <Image Include="Media\29,39.bmp">
      <Filter>Resource Files</Filter>
    </Image>
    <Image Include="Media\30.bmp">
      <Filter>Resource Files</Filter>
    </Image>
    <Image Include="Media\37,38.bmp">
      <Filter>Resource Files</Filter>
    </Image>
    <Image Include="Media\40.bmp">
      <Filter>Resource Files</Filter>
    </Image>
    <Image Include="Media\42.bmp">
      <Filter>Resource Files</Filter>
    </Image>
    <Image Include="Media\48.bmp">
      <Filter>Resource Files</Filter>
    </Image>
    <Image Include="Media\49.bmp">
      <Filter>Resource Files</Filter>
    </Image>
    <Image Include="Media\50.bmp">
      <Filter>Resource Files</Filter>
    </Image>
    <Image Include="Media\51,61.bmp">
      <Filter>Resource Files</Filter>
    </Image>
    <Image Include="Media\52,53.bmp">
      <Filter>Resource Files</Filter>
    </Image>
    <Image Include="Media\53,63.bmp">
      <Filter>Resource Files</Filter>
    </Image>
    <Image Include="Media\54,58.bmp">
      <Filter>Resource Files</Filter>
    </Image>
    <Image Include="Media\55.bmp">
      <Filter>Resource Files</Filter>
    </Image>
    <Image Include="Media\56,57.bmp">
      <Filter>Resource Files</Filter>
    </Image>
    <Image Include="Media\59,69.bmp">
      <Filter>Resource Files</Filter>
    </Image>
    <Image Include="Media\60,62.bmp">
      <Filter>Resource Files</Filter>
    </Image>
    <Image Include="Media\65.bmp">
      <Filter>Resource Files</Filter>
    </Image>
    <Image Include="Media\66.bmp">
      <Filter>Resource Files</Filter>
    </Image>
    <Image Include="Media\67.bmp">
      <Filter>Resource Files</Filter>
    </Image>
    <Image Include="Media\68.bmp">
      <Filter>Resource Files</Filter>
    </Image>
    <Image Include="Media\70,83.bmp">
      <Filter>Resource Files</Filter>
    </Image>
    <Image Include="Media\71,81,village.bmp">
      <Filter>Resource Files</Filter>
    </Image>
    <Image Include="Media\72,82.bmp">
      <Filter>Resource Files</Filter>
    </Image>
    <Image Include="Media\74.bmp">
      <Filter>Resource Files</Filter>
    </Image>
    <Image Include="Media\75.bmp">
      <Filter>Resource Files</Filter>
    </Image>
    <Image Include="Media\76,77.bmp">
      <Filter>Resource Files</Filter>
    </Image>
    <Image Include="Media\78.bmp">
      <Filter>Resource Files</Filter>
    </Image>
    <Image Include="Media\84,73.bmp">
      <Filter>Resource Files</Filter>
    </Image>
    <Image Include="Media\84,85.bmp">
      <Filter>Resource Files</Filter>
    </Image>
    <Image Include="Media\87,86.bmp">
      <Filter>Resource Files</Filter>
    </Image>
    <Image Include="Media\88.bmp">
      <Filter>Resource Files</Filter>
    </Image>
    <Image Include="Media\90,91,dragons.bmp">
      <Filter>Resource Files</Filter>
    </Image>
    <Image Include="Media\92.bmp">
      <Filter>Resource Files</Filter>
    </Image>
    <Image Include="Media\93.bmp">
      <Filter>Resource Files</Filter>
    </Image>
    <Image Include="Media\94.bmp">
      <Filter>Resource Files</Filter>
    </Image>
    <Image Include="Media\97,98.bmp">
      <Filter>Resource Files</Filter>
    </Image>
    <Image Include="Media\99.bmp">
      <Filter>Resource Files</Filter>
    </Image>
    <Image Include="Media\Begining.bmp">
      <Filter>Resource Files</Filter>
    </Image>
    <Image Include="Media\bowAndArrow.bmp">
      <Filter>Resource Files</Filter>
    </Image>
    <Image Include="Media\ELF_START.bmp">
      <Filter>Resource Files</Filter>
    </Image>
    <Image Include="Media\FAIRY_START.bmp">
      <Filter>Resource Files</Filter>
    </Image>
    <Image Include="Media\flyingCastle.bmp">
      <Filter>Resource Files</Filter>
    </Image>
    <Image Include="Media\goblins.bmp">
      <Filter>Resource Files</Filter>
    </Image>
    <Image Include="Media\NINJA_START.bmp">
      <Filter>Resource Files</Filter>
    </Image>
    <Image Include="Media\PIRATE_START.bmp">
      <Filter>Resource Files</Filter>
    </Image>
    <Image Include="Media\sword.bmp">
      <Filter>Resource Files</Filter>
    </Image>
    <Image Include="Media\CYCLOP.bmp">
      <Filter>Resource Files</Filter>
    </Image>
    <Image Include="Media\nunchaka.bmp">
      <Filter>Resource Files</Filter>
    </Image>
    <Image Include="Media\speer.bmp">
      <Filter>Resource Files</Filter>
    </Image>
    <Image Include="Media\splinter.bmp">
      <Filter>Resource Files</Filter>
    </Image>
    <Image Include="Media\treasureBox.bmp">
      <Filter>Resource Files</Filter>
    </Image>
    <Image Include="Media\whiteMagic.bmp">
      <Filter>Resource Files</Filter>
    </Image>
    <Image Include="Media\healPotion.bmp">
      <Filter>Resource Files</Filter>
    </Image>
    <Image Include="Media\katana.bmp">
      <Filter>Resource Files</Filter>
    </Image>
    <Image Include="Media\gloves.bmp">
      <Filter>Resource Files</Filter>
    </Image>
    <Image Include="Media\elfSister.bmp">
      <Filter>Resource Files</Filter>
    </Image>
    <Image Include="Media\dagger.bmp">
      <Filter>Resource Files</Filter>
    </Image>
    <Image Include="Media\deadCyclop.bmp">
      <Filter>Resource Files</Filter>
    </Image>
    <Image Include="Media\deadDragon.bmp">
      <Filter>Resource Files</Filter>
    </Image>
    <Image Include="Media\deadGoblin.bmp">
      <Filter>Resource Files</Filter>
    </Image>
    <Image Include="Media\blackMagic.bmp">
      <Filter>Resource Files</Filter>
    </Image>
    <Image Include="Media\armor.bmp">
      <Filter>Resource Files</Filter>
    </Image>
    <Image Include="Media\ax.bmp">
      <Filter>Resource Files</Filter>
    </Image>
    <Image Include="Media\barbieHouse.bmp">
      <Filter>Resource Files</Filter>
    </Image>
  </ItemGroup>
</Project>